
Microsoft Visual Studio Solution File, Format Version 12.00
# Visual Studio Version 16
VisualStudioVersion = 16.0.31025.194
MinimumVisualStudioVersion = 10.0.40219.1
Project("{FAE04EC0-301F-11D3-BF4B-00C04F79EFBC}") = "geras-pokemon-api", "geras-pokemon-api.csproj", "{4D00DE4B-FAAF-4F45-98DE-491CB76B607F}"
EndProject
Global
	GlobalSection(SolutionConfigurationPlatforms) = preSolution
		Debug|Any CPU = Debug|Any CPU
		Release|Any CPU = Release|Any CPU
	EndGlobalSection
	GlobalSection(ProjectConfigurationPlatforms) = postSolution
		{4D00DE4B-FAAF-4F45-98DE-491CB76B607F}.Debug|Any CPU.ActiveCfg = Debug|Any CPU
		{4D00DE4B-FAAF-4F45-98DE-491CB76B607F}.Debug|Any CPU.Build.0 = Debug|Any CPU
		{4D00DE4B-FAAF-4F45-98DE-491CB76B607F}.Release|Any CPU.ActiveCfg = Release|Any CPU
		{4D00DE4B-FAAF-4F45-98DE-491CB76B607F}.Release|Any CPU.Build.0 = Release|Any CPU
	EndGlobalSection
	GlobalSection(SolutionProperties) = preSolution
		HideSolutionNode = FALSE
	EndGlobalSection
	GlobalSection(ExtensibilityGlobals) = postSolution
		SolutionGuid = {558AA700-8047-4722-A976-85F0F7D0687A}
	EndGlobalSection
EndGlobal
